[[package]]
name = "menu"
version = "3.2.2"
description = "Easily create command-line menus"
category = "main"
optional = false
python-versions = "*"

[metadata]
lock-version = "1.1"
python-versions = "^3.8"
content-hash = "92323100827c3d87309e3d160c93cf3e12d0744a528b93a610a13f422d30e8f0"

[metadata.files]
menu = [
    {file = "Menu-3.2.2.tar.gz", hash = "sha256:8143eeec772937d4adc80b5a451f827da3dcdc9b2a1f850b4734e5d5e50d3dc4"},
]
